
Microsoft Visual Studio Solution File, Format Version 12.00
# Visual Studio Version 16
VisualStudioVersion = 16.0.30907.101
MinimumVisualStudioVersion = 10.0.40219.1
Project("{FAE04EC0-301F-11D3-BF4B-00C04F79EFBC}") = "AzureWebAppDemo", "AzureWebAppDemo\AzureWebAppDemo.csproj", "{60051DF8-6496-4CAB-A835-2E79F785A7BC}"
EndProject
Global
	GlobalSection(SolutionConfigurationPlatforms) = preSolution
		Debug|Any CPU = Debug|Any CPU
		Release|Any CPU = Release|Any CPU
	EndGlobalSection
	GlobalSection(ProjectConfigurationPlatforms) = postSolution
		{60051DF8-6496-4CAB-A835-2E79F785A7BC}.Debug|Any CPU.ActiveCfg = Debug|Any CPU
		{60051DF8-6496-4CAB-A835-2E79F785A7BC}.Debug|Any CPU.Build.0 = Debug|Any CPU
		{60051DF8-6496-4CAB-A835-2E79F785A7BC}.Release|Any CPU.ActiveCfg = Release|Any CPU
		{60051DF8-6496-4CAB-A835-2E79F785A7BC}.Release|Any CPU.Build.0 = Release|Any CPU
	EndGlobalSection
	GlobalSection(SolutionProperties) = preSolution
		HideSolutionNode = FALSE
	EndGlobalSection
	GlobalSection(ExtensibilityGlobals) = postSolution
		SolutionGuid = {959647BA-9ABA-44F4-80F1-06B28F2FDB5B}
	EndGlobalSection
EndGlobal
